
Microsoft Visual Studio Solution File, Format Version 12.00
# Visual Studio Version 16
VisualStudioVersion = 16.0.29509.3
MinimumVisualStudioVersion = 10.0.40219.1
Project("{FAE04EC0-301F-11D3-BF4B-00C04F79EFBC}") = "listifyTest", "listifyTest\listifyTest.csproj", "{D167BDFB-92C7-4C8D-8FF0-87B49AE78C4D}"
EndProject
Global
	GlobalSection(SolutionConfigurationPlatforms) = preSolution
		Debug|Any CPU = Debug|Any CPU
		Release|Any CPU = Release|Any CPU
	EndGlobalSection
	GlobalSection(ProjectConfigurationPlatforms) = postSolution
		{D167BDFB-92C7-4C8D-8FF0-87B49AE78C4D}.Debug|Any CPU.ActiveCfg = Debug|Any CPU
		{D167BDFB-92C7-4C8D-8FF0-87B49AE78C4D}.Debug|Any CPU.Build.0 = Debug|Any CPU
		{D167BDFB-92C7-4C8D-8FF0-87B49AE78C4D}.Release|Any CPU.ActiveCfg = Release|Any CPU
		{D167BDFB-92C7-4C8D-8FF0-87B49AE78C4D}.Release|Any CPU.Build.0 = Release|Any CPU
	EndGlobalSection
	GlobalSection(SolutionProperties) = preSolution
		HideSolutionNode = FALSE
	EndGlobalSection
	GlobalSection(ExtensibilityGlobals) = postSolution
		SolutionGuid = {9F6B7E53-ADF3-44F2-A9BA-6254E9EB9E74}
	EndGlobalSection
EndGlobal
